{
  "lockfile_version": "1",
  "packages": {
    "github:NixOS/nixpkgs/nixpkgs-unstable": {
      "last_modified": "2026-03-28T12:40:58Z",
      "resolved": "github:NixOS/nixpkgs/b63fe7f000adcfa269967eeff72c64cafecbbebe?lastModified=1774701658&narHash=sha256-CIS%2F4AMUSwUyC8X5g%2B5JsMRvIUL3YUfewe8K4VrbsSQ%3D"
    },
    "sdl3@latest": {
      "last_modified": "2026-03-21T07:29:51Z",
      "resolved": "github:NixOS/nixpkgs/09061f748ee21f68a089cd5d91ec1859cd93d0be#sdl3",
      "source": "devbox-search",
      "version": "3.4.2",
      "systems": {
        "aarch64-darwin": {
          "outputs": [
            {
              "name": "lib",
              "path": "/nix/store/50q1p42658w65n2k4fv9fjqhw3xvivx0-sdl3-3.4.2-lib",
              "default": true
            },
            {
              "name": "out",
              "path": "/nix/store/1p0ax1q96d0pm5f0dnxbfaqrv62cr37s-sdl3-3.4.2",
              "default": true
            },
            {
              "name": "dev",
              "path": "/nix/store/cy61c7nfgj0p51iarrr01c2l14mlvqlm-sdl3-3.4.2-dev"
            },
            {
              "name": "installedTests",
              "path": "/nix/store/24gdncncj7cp701k1j41kd60n0bydr2v-sdl3-3.4.2-installedTests"
            }
          ],
          "store_path": "/nix/store/50q1p42658w65n2k4fv9fjqhw3xvivx0-sdl3-3.4.2-lib"
        },
        "aarch64-linux": {
          "outputs": [
            {
              "name": "lib",
              "path": "/nix/store/3lg6lm5zbi61mv043bi9znlvm7z2b4ik-sdl3-3.4.2-lib",
              "default": true
            },
            {
              "name": "out",
              "path": "/nix/store/pypjz16pk4y8qrj448knfza7qqdgfbrq-sdl3-3.4.2",
              "default": true
            },
            {
              "name": "dev",
              "path": "/nix/store/53pjz47kwl4xp4qcnaq9glqgmyszx95a-sdl3-3.4.2-dev"
            },
            {
              "name": "installedTests",
              "path": "/nix/store/c5v7vxh60s3fzzfymyi699zf99pz86aj-sdl3-3.4.2-installedTests"
            }
          ],
          "store_path": "/nix/store/3lg6lm5zbi61mv043bi9znlvm7z2b4ik-sdl3-3.4.2-lib"
        },
        "x86_64-darwin": {
          "outputs": [
            {
              "name": "lib",
              "path": "/nix/store/23kl7bbgvc4ljvzncjxnkva8bfmi877f-sdl3-3.4.2-lib",
              "default": true
            },
            {
              "name": "out",
              "path": "/nix/store/62kq8n7dxn5j6v2x54d96s7fh4qrrn2l-sdl3-3.4.2",
              "default": true
            },
            {
              "name": "dev",
              "path": "/nix/store/rybf35ca8sz1qnmns5dgkb6flmw83560-sdl3-3.4.2-dev"
            },
            {
              "name": "installedTests",
              "path": "/nix/store/0s8g4y1k2k73paqy98qhbkazpfk7c4an-sdl3-3.4.2-installedTests"
            }
          ],
          "store_path": "/nix/store/23kl7bbgvc4ljvzncjxnkva8bfmi877f-sdl3-3.4.2-lib"
        },
        "x86_64-linux": {
          "outputs": [
            {
              "name": "lib",
              "path": "/nix/store/s8ihin406i9i3bpvfv09argd1k64992w-sdl3-3.4.2-lib",
              "default": true
            },
            {
              "name": "out",
              "path": "/nix/store/id5hy7nxzi3xq9x90q5r1dik95rd0rrb-sdl3-3.4.2",
              "default": true
            },
            {
              "name": "dev",
              "path": "/nix/store/24720qn3bfvkp4c1zv1c1mvg7kvdhpzv-sdl3-3.4.2-dev"
            },
            {
              "name": "installedTests",
              "path": "/nix/store/s6s68q2mcvbq9wdj3wqdfwrf8zn1dj4z-sdl3-3.4.2-installedTests"
            }
          ],
          "store_path": "/nix/store/s8ihin406i9i3bpvfv09argd1k64992w-sdl3-3.4.2-lib"
        }
      }
    },
    "zig@latest": {
      "last_modified": "2026-03-21T07:29:51Z",
      "resolved": "github:NixOS/nixpkgs/09061f748ee21f68a089cd5d91ec1859cd93d0be#zig",
      "source": "devbox-search",
      "version": "0.15.2",
      "systems": {
        "aarch64-darwin": {
          "outputs": [
            {
              "name": "out",
              "path": "/nix/store/wz6i6vmk28c2cj8zala9dsdg5lcdx3ab-zig-0.15.2",
              "default": true
            },
            {
              "name": "doc",
              "path": "/nix/store/raxxz0knpay5hyv06d64sg4i01l51f91-zig-0.15.2-doc"
            }
          ],
          "store_path": "/nix/store/wz6i6vmk28c2cj8zala9dsdg5lcdx3ab-zig-0.15.2"
        },
        "aarch64-linux": {
          "outputs": [
            {
              "name": "out",
              "path": "/nix/store/wwym7yrjgxi9d6fv8w4nph4n27jjyay3-zig-0.15.2",
              "default": true
            },
            {
              "name": "doc",
              "path": "/nix/store/w4kgvgkqzld3x1lkl2rjsyg9d9g97mv7-zig-0.15.2-doc"
            }
          ],
          "store_path": "/nix/store/wwym7yrjgxi9d6fv8w4nph4n27jjyay3-zig-0.15.2"
        },
        "x86_64-darwin": {
          "outputs": [
            {
              "name": "out",
              "path": "/nix/store/n36a2k2dvjwaix33xc31l97ci11my8la-zig-0.15.2",
              "default": true
            },
            {
              "name": "doc",
              "path": "/nix/store/k3pnyflmxirwc9jf2wc6y3f4nl2fl80w-zig-0.15.2-doc"
            }
          ],
          "store_path": "/nix/store/n36a2k2dvjwaix33xc31l97ci11my8la-zig-0.15.2"
        },
        "x86_64-linux": {
          "outputs": [
            {
              "name": "out",
              "path": "/nix/store/9ljn49hx3a2lhha1anl3agivwb3z0ga1-zig-0.15.2",
              "default": true
            },
            {
              "name": "doc",
              "path": "/nix/store/kfwsd42yms807bfj6ni3fgrs1zwqp3l7-zig-0.15.2-doc"
            }
          ],
          "store_path": "/nix/store/9ljn49hx3a2lhha1anl3agivwb3z0ga1-zig-0.15.2"
        }
      }
    }
  }
}
